
Microsoft Visual Studio Solution File, Format Version 12.00
# Visual Studio Version 16
VisualStudioVersion = 16.0.31025.194
MinimumVisualStudioVersion = 10.0.40219.1
Project("{FAE04EC0-301F-11D3-BF4B-00C04F79EFBC}") = "ProyectoTDBI_Grupo4", "ProyectoTDBI_Grupo4\ProyectoTDBI_Grupo4.csproj", "{147D17BD-0EE0-4482-9279-3E8C30981C32}"
EndProject
Global
	GlobalSection(SolutionConfigurationPlatforms) = preSolution
		Debug|Any CPU = Debug|Any CPU
		Release|Any CPU = Release|Any CPU
	EndGlobalSection
	GlobalSection(ProjectConfigurationPlatforms) = postSolution
		{147D17BD-0EE0-4482-9279-3E8C30981C32}.Debug|Any CPU.ActiveCfg = Debug|Any CPU
		{147D17BD-0EE0-4482-9279-3E8C30981C32}.Debug|Any CPU.Build.0 = Debug|Any CPU
		{147D17BD-0EE0-4482-9279-3E8C30981C32}.Release|Any CPU.ActiveCfg = Release|Any CPU
		{147D17BD-0EE0-4482-9279-3E8C30981C32}.Release|Any CPU.Build.0 = Release|Any CPU
	EndGlobalSection
	GlobalSection(SolutionProperties) = preSolution
		HideSolutionNode = FALSE
	EndGlobalSection
	GlobalSection(ExtensibilityGlobals) = postSolution
		SolutionGuid = {5C6BA30A-E5BC-4588-8794-41009DC66ACE}
	EndGlobalSection
EndGlobal
